
Microsoft Visual Studio Solution File, Format Version 12.00
# Visual Studio Version 17
VisualStudioVersion = 17.1.32328.378
MinimumVisualStudioVersion = 10.0.40219.1
Project("{FAE04EC0-301F-11D3-BF4B-00C04F79EFBC}") = "trzbd_authorization_savrikov", "trzbd_authorization_savrikov.csproj", "{6731376F-DFD4-424E-A61A-69691C8263E5}"
EndProject
Global
	GlobalSection(SolutionConfigurationPlatforms) = preSolution
		Debug|Any CPU = Debug|Any CPU
		Release|Any CPU = Release|Any CPU
	EndGlobalSection
	GlobalSection(ProjectConfigurationPlatforms) = postSolution
		{6731376F-DFD4-424E-A61A-69691C8263E5}.Debug|Any CPU.ActiveCfg = Debug|Any CPU
		{6731376F-DFD4-424E-A61A-69691C8263E5}.Debug|Any CPU.Build.0 = Debug|Any CPU
		{6731376F-DFD4-424E-A61A-69691C8263E5}.Release|Any CPU.ActiveCfg = Release|Any CPU
		{6731376F-DFD4-424E-A61A-69691C8263E5}.Release|Any CPU.Build.0 = Release|Any CPU
	EndGlobalSection
	GlobalSection(SolutionProperties) = preSolution
		HideSolutionNode = FALSE
	EndGlobalSection
	GlobalSection(ExtensibilityGlobals) = postSolution
		SolutionGuid = {5F07A8EA-38F5-4670-AF24-1A8D3D5E33E7}
	EndGlobalSection
EndGlobal
